
Microsoft Visual Studio Solution File, Format Version 11.00
# Visual Studio 2010
Project("{FAE04EC0-301F-11D3-BF4B-00C04F79EFBC}") = "Assembly-CSharp", "Assembly-CSharp.csproj", "{1c2254f6-2a86-8cb7-5554-f365e73df9c6}"
EndProject
Project("{FAE04EC0-301F-11D3-BF4B-00C04F79EFBC}") = "Assembly-CSharp-Editor", "Assembly-CSharp-Editor.csproj", "{a942a3c5-c734-80e2-3b9a-4a58d8ae331b}"
EndProject
Global
	GlobalSection(SolutionConfigurationPlatforms) = preSolution
		Debug|Any CPU = Debug|Any CPU
	EndGlobalSection
	GlobalSection(ProjectConfigurationPlatforms) = postSolution
		{1c2254f6-2a86-8cb7-5554-f365e73df9c6}.Debug|Any CPU.ActiveCfg = Debug|Any CPU
		{1c2254f6-2a86-8cb7-5554-f365e73df9c6}.Debug|Any CPU.Build.0 = Debug|Any CPU
		{a942a3c5-c734-80e2-3b9a-4a58d8ae331b}.Debug|Any CPU.ActiveCfg = Debug|Any CPU
		{a942a3c5-c734-80e2-3b9a-4a58d8ae331b}.Debug|Any CPU.Build.0 = Debug|Any CPU
	EndGlobalSection
	GlobalSection(SolutionProperties) = preSolution
		HideSolutionNode = FALSE
	EndGlobalSection
EndGlobal
